version = 1
requires-python = ">=3.12"

[[package]]
name = "annotated-types"
version = "0.7.0"
source = { registry = "https://pypi.org/simple" }
sdist = { url = "https://files.pythonhosted.org/packages/ee/67/531ea369ba64dcff5ec9c3402f9f51bf748cec26dde048a2f973a4eea7f5/annotated_types-0.7.0.tar.gz", hash = "sha256:aff07c09a53a08bc8cfccb9c85b05f1aa9a2a6f23728d790723543408344ce89", size = 16081 }
wheels = [
    { url = "https://files.pythonhosted.org/packages/78/b6/6307fbef88d9b5ee7421e68d78a9f162e0da4900bc5f5793f6d3d0e34fb8/annotated_types-0.7.0-py3-none-any.whl", hash = "sha256:1f02e8b43a8fbbc3f3e0d4f0f4bfc8131bcb4eebe8849b8e5c773f3a1c582a53", size = 13643 },
]

[[package]]
name = "jinja2"
version = "3.1.4"
source = { registry = "https://pypi.org/simple" }
dependencies = [
    { name = "markupsafe" },
]
sdist = { url = "https://files.pythonhosted.org/packages/ed/55/39036716d19cab0747a5020fc7e907f362fbf48c984b14e62127f7e68e5d/jinja2-3.1.4.tar.gz", hash = "sha256:4a3aee7acbbe7303aede8e9648d13b8bf88a429282aa6122a993f0ac800cb369", size = 240245 }
wheels = [
    { url = "https://files.pythonhosted.org/packages/31/80/3a54838c3fb461f6fec263ebf3a3a41771bd05190238de3486aae8540c36/jinja2-3.1.4-py3-none-any.whl", hash = "sha256:bc5dd2abb727a5319567b7a813e6a2e7318c39f4f487cfe6c89c6f9c7d25197d", size = 133271 },
]

[[package]]
name = "markupsafe"
version = "3.0.2"
source = { registry = "https://pypi.org/simple" }
sdist = { url = "https://files.pythonhosted.org/packages/b2/97/5d42485e71dfc078108a86d6de8fa46db44a1a9295e89c5d6d4a06e23a62/markupsafe-3.0.2.tar.gz", hash = "sha256:ee55d3edf80167e48ea11a923c7386f4669df67d7994554387f84e7d8b0a2bf0", size = 20537 }
wheels = [
    { url = "https://files.pythonhosted.org/packages/22/09/d1f21434c97fc42f09d290cbb6350d44eb12f09cc62c9476effdb33a18aa/MarkupSafe-3.0.2-cp312-cp312-macosx_10_13_universal2.whl", hash = "sha256:9778bd8ab0a994ebf6f84c2b949e65736d5575320a17ae8984a77fab08db94cf", size = 14274 },
    { url = "https://files.pythonhosted.org/packages/6b/b0/18f76bba336fa5aecf79d45dcd6c806c280ec44538b3c13671d49099fdd0/MarkupSafe-3.0.2-cp312-cp312-macosx_11_0_arm64.whl", hash = "sha256:846ade7b71e3536c4e56b386c2a47adf5741d2d8b94ec9dc3e92e5e1ee1e2225", size = 12348 },
    { url = "https://files.pythonhosted.org/packages/e0/25/dd5c0f6ac1311e9b40f4af06c78efde0f3b5cbf02502f8ef9501294c425b/MarkupSafe-3.0.2-cp312-cp312-manylinux_2_17_aarch64.manylinux2014_aarch64.whl", hash = "sha256:1c99d261bd2d5f6b59325c92c73df481e05e57f19837bdca8413b9eac4bd8028", size = 24149 },
    { url = "https://files.pythonhosted.org/packages/f3/f0/89e7aadfb3749d0f52234a0c8c7867877876e0a20b60e2188e9850794c17/MarkupSafe-3.0.2-cp312-cp312-manylinux_2_17_x86_64.manylinux2014_x86_64.whl", hash = "sha256:e17c96c14e19278594aa4841ec148115f9c7615a47382ecb6b82bd8fea3ab0c8", size = 23118 },
    { url = "https://files.pythonhosted.org/packages/d5/da/f2eeb64c723f5e3777bc081da884b414671982008c47dcc1873d81f625b6/MarkupSafe-3.0.2-cp312-cp312-manylinux_2_5_i686.manylinux1_i686.manylinux_2_17_i686.manylinux2014_i686.whl", hash = "sha256:88416bd1e65dcea10bc7569faacb2c20ce071dd1f87539ca2ab364bf6231393c", size = 22993 },
    { url = "https://files.pythonhosted.org/packages/da/0e/1f32af846df486dce7c227fe0f2398dc7e2e51d4a370508281f3c1c5cddc/MarkupSafe-3.0.2-cp312-cp312-musllinux_1_2_aarch64.whl", hash = "sha256:2181e67807fc2fa785d0592dc2d6206c019b9502410671cc905d132a92866557", size = 24178 },
    { url = "https://files.pythonhosted.org/packages/c4/f6/bb3ca0532de8086cbff5f06d137064c8410d10779c4c127e0e47d17c0b71/MarkupSafe-3.0.2-cp312-cp312-musllinux_1_2_i686.whl", hash = "sha256:52305740fe773d09cffb16f8ed0427942901f00adedac82ec8b67752f58a1b22", size = 23319 },
    { url = "https://files.pythonhosted.org/packages/a2/82/8be4c96ffee03c5b4a034e60a31294daf481e12c7c43ab8e34a1453ee48b/MarkupSafe-3.0.2-cp312-cp312-musllinux_1_2_x86_64.whl", hash = "sha256:ad10d3ded218f1039f11a75f8091880239651b52e9bb592ca27de44eed242a48", size = 23352 },
    { url = "https://files.pythonhosted.org/packages/51/ae/97827349d3fcffee7e184bdf7f41cd6b88d9919c80f0263ba7acd1bbcb18/MarkupSafe-3.0.2-cp312-cp312-win32.whl", hash = "sha256:0f4ca02bea9a23221c0182836703cbf8930c5e9454bacce27e767509fa286a30", size = 15097 },
    { url = "https://files.pythonhosted.org/packages/c1/80/a61f99dc3a936413c3ee4e1eecac96c0da5ed07ad56fd975f1a9da5bc630/MarkupSafe-3.0.2-cp312-cp312-win_amd64.whl", hash = "sha256:8e06879fc22a25ca47312fbe7c8264eb0b662f6db27cb2d3bbbc74b1df4b9b87", size = 15601 },
    { url = "https://files.pythonhosted.org/packages/83/0e/67eb10a7ecc77a0c2bbe2b0235765b98d164d81600746914bebada795e97/MarkupSafe-3.0.2-cp313-cp313-macosx_10_13_universal2.whl", hash = "sha256:ba9527cdd4c926ed0760bc301f6728ef34d841f405abf9d4f959c478421e4efd", size = 14274 },
    { url = "https://files.pythonhosted.org/packages/2b/6d/9409f3684d3335375d04e5f05744dfe7e9f120062c9857df4ab490a1031a/MarkupSafe-3.0.2-cp313-cp313-macosx_11_0_arm64.whl", hash = "sha256:f8b3d067f2e40fe93e1ccdd6b2e1d16c43140e76f02fb1319a05cf2b79d99430", size = 12352 },
    { url = "https://files.pythonhosted.org/packages/d2/f5/6eadfcd3885ea85fe2a7c128315cc1bb7241e1987443d78c8fe712d03091/MarkupSafe-3.0.2-cp313-cp313-manylinux_2_17_aarch64.manylinux2014_aarch64.whl", hash = "sha256:569511d3b58c8791ab4c2e1285575265991e6d8f8700c7be0e88f86cb0672094", size = 24122 },
    { url = "https://files.pythonhosted.org/packages/0c/91/96cf928db8236f1bfab6ce15ad070dfdd02ed88261c2afafd4b43575e9e9/MarkupSafe-3.0.2-cp313-cp313-manylinux_2_17_x86_64.manylinux2014_x86_64.whl", hash = "sha256:15ab75ef81add55874e7ab7055e9c397312385bd9ced94920f2802310c930396", size = 23085 },
    { url = "https://files.pythonhosted.org/packages/c2/cf/c9d56af24d56ea04daae7ac0940232d31d5a8354f2b457c6d856b2057d69/MarkupSafe-3.0.2-cp313-cp313-manylinux_2_5_i686.manylinux1_i686.manylinux_2_17_i686.manylinux2014_i686.whl", hash = "sha256:f3818cb119498c0678015754eba762e0d61e5b52d34c8b13d770f0719f7b1d79", size = 22978 },
    { url = "https://files.pythonhosted.org/packages/2a/9f/8619835cd6a711d6272d62abb78c033bda638fdc54c4e7f4272cf1c0962b/MarkupSafe-3.0.2-cp313-cp313-musllinux_1_2_aarch64.whl", hash = "sha256:cdb82a876c47801bb54a690c5ae105a46b392ac6099881cdfb9f6e95e4014c6a", size = 24208 },
    { url = "https://files.pythonhosted.org/packages/f9/bf/176950a1792b2cd2102b8ffeb5133e1ed984547b75db47c25a67d3359f77/MarkupSafe-3.0.2-cp313-cp313-musllinux_1_2_i686.whl", hash = "sha256:cabc348d87e913db6ab4aa100f01b08f481097838bdddf7c7a84b7575b7309ca", size = 23357 },
    { url = "https://files.pythonhosted.org/packages/ce/4f/9a02c1d335caabe5c4efb90e1b6e8ee944aa245c1aaaab8e8a618987d816/MarkupSafe-3.0.2-cp313-cp313-musllinux_1_2_x86_64.whl", hash = "sha256:444dcda765c8a838eaae23112db52f1efaf750daddb2d9ca300bcae1039adc5c", size = 23344 },
    { url = "https://files.pythonhosted.org/packages/ee/55/c271b57db36f748f0e04a759ace9f8f759ccf22b4960c270c78a394f58be/MarkupSafe-3.0.2-cp313-cp313-win32.whl", hash = "sha256:bcf3e58998965654fdaff38e58584d8937aa3096ab5354d493c77d1fdd66d7a1", size = 15101 },
    { url = "https://files.pythonhosted.org/packages/29/88/07df22d2dd4df40aba9f3e402e6dc1b8ee86297dddbad4872bd5e7b0094f/MarkupSafe-3.0.2-cp313-cp313-win_amd64.whl", hash = "sha256:e6a2a455bd412959b57a172ce6328d2dd1f01cb2135efda2e4576e8a23fa3b0f", size = 15603 },
    { url = "https://files.pythonhosted.org/packages/62/6a/8b89d24db2d32d433dffcd6a8779159da109842434f1dd2f6e71f32f738c/MarkupSafe-3.0.2-cp313-cp313t-macosx_10_13_universal2.whl", hash = "sha256:b5a6b3ada725cea8a5e634536b1b01c30bcdcd7f9c6fff4151548d5bf6b3a36c", size = 14510 },
    { url = "https://files.pythonhosted.org/packages/7a/06/a10f955f70a2e5a9bf78d11a161029d278eeacbd35ef806c3fd17b13060d/MarkupSafe-3.0.2-cp313-cp313t-macosx_11_0_arm64.whl", hash = "sha256:a904af0a6162c73e3edcb969eeeb53a63ceeb5d8cf642fade7d39e7963a22ddb", size = 12486 },
    { url = "https://files.pythonhosted.org/packages/34/cf/65d4a571869a1a9078198ca28f39fba5fbb910f952f9dbc5220afff9f5e6/MarkupSafe-3.0.2-cp313-cp313t-manylinux_2_17_aarch64.manylinux2014_aarch64.whl", hash = "sha256:4aa4e5faecf353ed117801a068ebab7b7e09ffb6e1d5e412dc852e0da018126c", size = 25480 },
    { url = "https://files.pythonhosted.org/packages/0c/e3/90e9651924c430b885468b56b3d597cabf6d72be4b24a0acd1fa0e12af67/MarkupSafe-3.0.2-cp313-cp313t-manylinux_2_17_x86_64.manylinux2014_x86_64.whl", hash = "sha256:c0ef13eaeee5b615fb07c9a7dadb38eac06a0608b41570d8ade51c56539e509d", size = 23914 },
    { url = "https://files.pythonhosted.org/packages/66/8c/6c7cf61f95d63bb866db39085150df1f2a5bd3335298f14a66b48e92659c/MarkupSafe-3.0.2-cp313-cp313t-manylinux_2_5_i686.manylinux1_i686.manylinux_2_17_i686.manylinux2014_i686.whl", hash = "sha256:d16a81a06776313e817c951135cf7340a3e91e8c1ff2fac444cfd75fffa04afe", size = 23796 },
    { url = "https://files.pythonhosted.org/packages/bb/35/cbe9238ec3f47ac9a7c8b3df7a808e7cb50fe149dc7039f5f454b3fba218/MarkupSafe-3.0.2-cp313-cp313t-musllinux_1_2_aarch64.whl", hash = "sha256:6381026f158fdb7c72a168278597a5e3a5222e83ea18f543112b2662a9b699c5", size = 25473 },
    { url = "https://files.pythonhosted.org/packages/e6/32/7621a4382488aa283cc05e8984a9c219abad3bca087be9ec77e89939ded9/MarkupSafe-3.0.2-cp313-cp313t-musllinux_1_2_i686.whl", hash = "sha256:3d79d162e7be8f996986c064d1c7c817f6df3a77fe3d6859f6f9e7be4b8c213a", size = 24114 },
    { url = "https://files.pythonhosted.org/packages/0d/80/0985960e4b89922cb5a0bac0ed39c5b96cbc1a536a99f30e8c220a996ed9/MarkupSafe-3.0.2-cp313-cp313t-musllinux_1_2_x86_64.whl", hash = "sha256:131a3c7689c85f5ad20f9f6fb1b866f402c445b220c19fe4308c0b147ccd2ad9", size = 24098 },
    { url = "https://files.pythonhosted.org/packages/82/78/fedb03c7d5380df2427038ec8d973587e90561b2d90cd472ce9254cf348b/MarkupSafe-3.0.2-cp313-cp313t-win32.whl", hash = "sha256:ba8062ed2cf21c07a9e295d5b8a2a5ce678b913b45fdf68c32d95d6c1291e0b6", size = 15208 },
    { url = "https://files.pythonhosted.org/packages/4f/65/6079a46068dfceaeabb5dcad6d674f5f5c61a6fa5673746f42a9f4c233b3/MarkupSafe-3.0.2-cp313-cp313t-win_amd64.whl", hash = "sha256:e444a31f8db13eb18ada366ab3cf45fd4b31e4db1236a4448f68778c1d1a5a2f", size = 15739 },
]

[[package]]
name = "mypy"
version = "1.13.0"
source = { registry = "https://pypi.org/simple" }
dependencies = [
    { name = "mypy-extensions" },
    { name = "typing-extensions" },
]
sdist = { url = "https://files.pythonhosted.org/packages/e8/21/7e9e523537991d145ab8a0a2fd98548d67646dc2aaaf6091c31ad883e7c1/mypy-1.13.0.tar.gz", hash = "sha256:0291a61b6fbf3e6673e3405cfcc0e7650bebc7939659fdca2702958038bd835e", size = 3152532 }
wheels = [
    { url = "https://files.pythonhosted.org/packages/fb/31/c526a7bd2e5c710ae47717c7a5f53f616db6d9097caf48ad650581e81748/mypy-1.13.0-cp312-cp312-macosx_10_13_x86_64.whl", hash = "sha256:5c7051a3461ae84dfb5dd15eff5094640c61c5f22257c8b766794e6dd85e72d5", size = 11077900 },
    { url = "https://files.pythonhosted.org/packages/83/67/b7419c6b503679d10bd26fc67529bc6a1f7a5f220bbb9f292dc10d33352f/mypy-1.13.0-cp312-cp312-macosx_11_0_arm64.whl", hash = "sha256:39bb21c69a5d6342f4ce526e4584bc5c197fd20a60d14a8624d8743fffb9472e", size = 10074818 },
    { url = "https://files.pythonhosted.org/packages/ba/07/37d67048786ae84e6612575e173d713c9a05d0ae495dde1e68d972207d98/mypy-1.13.0-cp312-cp312-manylinux_2_17_x86_64.manylinux2014_x86_64.manylinux_2_28_x86_64.whl", hash = "sha256:164f28cb9d6367439031f4c81e84d3ccaa1e19232d9d05d37cb0bd880d3f93c2", size = 12589275 },
    { url = "https://files.pythonhosted.org/packages/1f/17/b1018c6bb3e9f1ce3956722b3bf91bff86c1cefccca71cec05eae49d6d41/mypy-1.13.0-cp312-cp312-musllinux_1_1_x86_64.whl", hash = "sha256:a4c1bfcdbce96ff5d96fc9b08e3831acb30dc44ab02671eca5953eadad07d6d0", size = 13037783 },
    { url = "https://files.pythonhosted.org/packages/cb/32/cd540755579e54a88099aee0287086d996f5a24281a673f78a0e14dba150/mypy-1.13.0-cp312-cp312-win_amd64.whl", hash = "sha256:a0affb3a79a256b4183ba09811e3577c5163ed06685e4d4b46429a271ba174d2", size = 9726197 },
    { url = "https://files.pythonhosted.org/packages/11/bb/ab4cfdc562cad80418f077d8be9b4491ee4fb257440da951b85cbb0a639e/mypy-1.13.0-cp313-cp313-macosx_10_13_x86_64.whl", hash = "sha256:a7b44178c9760ce1a43f544e595d35ed61ac2c3de306599fa59b38a6048e1aa7", size = 11069721 },
    { url = "https://files.pythonhosted.org/packages/59/3b/a393b1607cb749ea2c621def5ba8c58308ff05e30d9dbdc7c15028bca111/mypy-1.13.0-cp313-cp313-macosx_11_0_arm64.whl", hash = "sha256:5d5092efb8516d08440e36626f0153b5006d4088c1d663d88bf79625af3d1d62", size = 10063996 },
    { url = "https://files.pythonhosted.org/packages/d1/1f/6b76be289a5a521bb1caedc1f08e76ff17ab59061007f201a8a18cc514d1/mypy-1.13.0-cp313-cp313-manylinux_2_17_x86_64.manylinux2014_x86_64.manylinux_2_28_x86_64.whl", hash = "sha256:de2904956dac40ced10931ac967ae63c5089bd498542194b436eb097a9f77bc8", size = 12584043 },
    { url = "https://files.pythonhosted.org/packages/a6/83/5a85c9a5976c6f96e3a5a7591aa28b4a6ca3a07e9e5ba0cec090c8b596d6/mypy-1.13.0-cp313-cp313-musllinux_1_1_x86_64.whl", hash = "sha256:7bfd8836970d33c2105562650656b6846149374dc8ed77d98424b40b09340ba7", size = 13036996 },
    { url = "https://files.pythonhosted.org/packages/b4/59/c39a6f752f1f893fccbcf1bdd2aca67c79c842402b5283563d006a67cf76/mypy-1.13.0-cp313-cp313-win_amd64.whl", hash = "sha256:9f73dba9ec77acb86457a8fc04b5239822df0c14a082564737833d2963677dbc", size = 9737709 },
    { url = "https://files.pythonhosted.org/packages/3b/86/72ce7f57431d87a7ff17d442f521146a6585019eb8f4f31b7c02801f78ad/mypy-1.13.0-py3-none-any.whl", hash = "sha256:9c250883f9fd81d212e0952c92dbfcc96fc237f4b7c92f56ac81fd48460b3e5a", size = 2647043 },
]

[[package]]
name = "mypy-extensions"
version = "1.0.0"
source = { registry = "https://pypi.org/simple" }
sdist = { url = "https://files.pythonhosted.org/packages/98/a4/1ab47638b92648243faf97a5aeb6ea83059cc3624972ab6b8d2316078d3f/mypy_extensions-1.0.0.tar.gz", hash = "sha256:75dbf8955dc00442a438fc4d0666508a9a97b6bd41aa2f0ffe9d2f2725af0782", size = 4433 }
wheels = [
    { url = "https://files.pythonhosted.org/packages/2a/e2/5d3f6ada4297caebe1a2add3b126fe800c96f56dbe5d1988a2cbe0b267aa/mypy_extensions-1.0.0-py3-none-any.whl", hash = "sha256:4392f6c0eb8a5668a69e23d168ffa70f0be9ccfd32b5cc2d26a34ae5b844552d", size = 4695 },
]

[[package]]
name = "pathvalidate"
version = "3.2.1"
source = { registry = "https://pypi.org/simple" }
sdist = { url = "https://files.pythonhosted.org/packages/b4/8c/8713d8dcd8e357b9358695b441ee974580a8addfaea4f01437df07577052/pathvalidate-3.2.1.tar.gz", hash = "sha256:f5d07b1e2374187040612a1fcd2bcb2919f8db180df254c9581bb90bf903377d", size = 59263 }
wheels = [
    { url = "https://files.pythonhosted.org/packages/d3/5e/76a9d08b4b4e4583f269cb9f64de267f9aeae0dacef23307f53a14211716/pathvalidate-3.2.1-py3-none-any.whl", hash = "sha256:9a6255eb8f63c9e2135b9be97a5ce08f10230128c4ae7b3e935378b82b22c4c9", size = 23833 },
]

[[package]]
name = "pika"
version = "1.3.2"
source = { registry = "https://pypi.org/simple" }
sdist = { url = "https://files.pythonhosted.org/packages/db/db/d4102f356af18f316c67f2cead8ece307f731dd63140e2c71f170ddacf9b/pika-1.3.2.tar.gz", hash = "sha256:b2a327ddddf8570b4965b3576ac77091b850262d34ce8c1d8cb4e4146aa4145f", size = 145029 }
wheels = [
    { url = "https://files.pythonhosted.org/packages/f9/f3/f412836ec714d36f0f4ab581b84c491e3f42c6b5b97a6c6ed1817f3c16d0/pika-1.3.2-py3-none-any.whl", hash = "sha256:0779a7c1fafd805672796085560d290213a465e4f6f76a6fb19e378d8041a14f", size = 155415 },
]

[[package]]
name = "pydantic"
version = "2.10.3"
source = { registry = "https://pypi.org/simple" }
dependencies = [
    { name = "annotated-types" },
    { name = "pydantic-core" },
    { name = "typing-extensions" },
]
sdist = { url = "https://files.pythonhosted.org/packages/45/0f/27908242621b14e649a84e62b133de45f84c255eecb350ab02979844a788/pydantic-2.10.3.tar.gz", hash = "sha256:cb5ac360ce894ceacd69c403187900a02c4b20b693a9dd1d643e1effab9eadf9", size = 786486 }
wheels = [
    { url = "https://files.pythonhosted.org/packages/62/51/72c18c55cf2f46ff4f91ebcc8f75aa30f7305f3d726be3f4ebffb4ae972b/pydantic-2.10.3-py3-none-any.whl", hash = "sha256:be04d85bbc7b65651c5f8e6b9976ed9c6f41782a55524cef079a34a0bb82144d", size = 456997 },
]

[[package]]
name = "pydantic-core"
version = "2.27.1"
source = { registry = "https://pypi.org/simple" }
dependencies = [
    { name = "typing-extensions" },
]
sdist = { url = "https://files.pythonhosted.org/packages/a6/9f/7de1f19b6aea45aeb441838782d68352e71bfa98ee6fa048d5041991b33e/pydantic_core-2.27.1.tar.gz", hash = "sha256:62a763352879b84aa31058fc931884055fd75089cccbd9d58bb6afd01141b235", size = 412785 }
wheels = [
    { url = "https://files.pythonhosted.org/packages/be/51/2e9b3788feb2aebff2aa9dfbf060ec739b38c05c46847601134cc1fed2ea/pydantic_core-2.27.1-cp312-cp312-macosx_10_12_x86_64.whl", hash = "sha256:9cbd94fc661d2bab2bc702cddd2d3370bbdcc4cd0f8f57488a81bcce90c7a54f", size = 1895239 },
    { url = "https://files.pythonhosted.org/packages/7b/9e/f8063952e4a7d0127f5d1181addef9377505dcce3be224263b25c4f0bfd9/pydantic_core-2.27.1-cp312-cp312-macosx_11_0_arm64.whl", hash = "sha256:5f8c4718cd44ec1580e180cb739713ecda2bdee1341084c1467802a417fe0f02", size = 1805070 },
    { url = "https://files.pythonhosted.org/packages/2c/9d/e1d6c4561d262b52e41b17a7ef8301e2ba80b61e32e94520271029feb5d8/pydantic_core-2.27.1-cp312-cp312-manylinux_2_17_aarch64.manylinux2014_aarch64.whl", hash = "sha256:15aae984e46de8d376df515f00450d1522077254ef6b7ce189b38ecee7c9677c", size = 1828096 },
    { url = "https://files.pythonhosted.org/packages/be/65/80ff46de4266560baa4332ae3181fffc4488ea7d37282da1a62d10ab89a4/pydantic_core-2.27.1-cp312-cp312-manylinux_2_17_armv7l.manylinux2014_armv7l.whl", hash = "sha256:1ba5e3963344ff25fc8c40da90f44b0afca8cfd89d12964feb79ac1411a260ac", size = 1857708 },
    { url = "https://files.pythonhosted.org/packages/d5/ca/3370074ad758b04d9562b12ecdb088597f4d9d13893a48a583fb47682cdf/pydantic_core-2.27.1-cp312-cp312-manylinux_2_17_ppc64le.manylinux2014_ppc64le.whl", hash = "sha256:992cea5f4f3b29d6b4f7f1726ed8ee46c8331c6b4eed6db5b40134c6fe1768bb", size = 2037751 },
    { url = "https://files.pythonhosted.org/packages/b1/e2/4ab72d93367194317b99d051947c071aef6e3eb95f7553eaa4208ecf9ba4/pydantic_core-2.27.1-cp312-cp312-manylinux_2_17_s390x.manylinux2014_s390x.whl", hash = "sha256:0325336f348dbee6550d129b1627cb8f5351a9dc91aad141ffb96d4937bd9529", size = 2733863 },
    { url = "https://files.pythonhosted.org/packages/8a/c6/8ae0831bf77f356bb73127ce5a95fe115b10f820ea480abbd72d3cc7ccf3/pydantic_core-2.27.1-cp312-cp312-manylinux_2_17_x86_64.manylinux2014_x86_64.whl", hash = "sha256:7597c07fbd11515f654d6ece3d0e4e5093edc30a436c63142d9a4b8e22f19c35", size = 2161161 },
    { url = "https://files.pythonhosted.org/packages/f1/f4/b2fe73241da2429400fc27ddeaa43e35562f96cf5b67499b2de52b528cad/pydantic_core-2.27.1-cp312-cp312-manylinux_2_5_i686.manylinux1_i686.whl", hash = "sha256:3bbd5d8cc692616d5ef6fbbbd50dbec142c7e6ad9beb66b78a96e9c16729b089", size = 1993294 },
    { url = "https://files.pythonhosted.org/packages/77/29/4bb008823a7f4cc05828198153f9753b3bd4c104d93b8e0b1bfe4e187540/pydantic_core-2.27.1-cp312-cp312-musllinux_1_1_aarch64.whl", hash = "sha256:dc61505e73298a84a2f317255fcc72b710b72980f3a1f670447a21efc88f8381", size = 2001468 },
    { url = "https://files.pythonhosted.org/packages/f2/a9/0eaceeba41b9fad851a4107e0cf999a34ae8f0d0d1f829e2574f3d8897b0/pydantic_core-2.27.1-cp312-cp312-musllinux_1_1_armv7l.whl", hash = "sha256:e1f735dc43da318cad19b4173dd1ffce1d84aafd6c9b782b3abc04a0d5a6f5bb", size = 2091413 },
    { url = "https://files.pythonhosted.org/packages/d8/36/eb8697729725bc610fd73940f0d860d791dc2ad557faaefcbb3edbd2b349/pydantic_core-2.27.1-cp312-cp312-musllinux_1_1_x86_64.whl", hash = "sha256:f4e5658dbffe8843a0f12366a4c2d1c316dbe09bb4dfbdc9d2d9cd6031de8aae", size = 2154735 },
    { url = "https://files.pythonhosted.org/packages/52/e5/4f0fbd5c5995cc70d3afed1b5c754055bb67908f55b5cb8000f7112749bf/pydantic_core-2.27.1-cp312-none-win32.whl", hash = "sha256:672ebbe820bb37988c4d136eca2652ee114992d5d41c7e4858cdd90ea94ffe5c", size = 1833633 },
    { url = "https://files.pythonhosted.org/packages/ee/f2/c61486eee27cae5ac781305658779b4a6b45f9cc9d02c90cb21b940e82cc/pydantic_core-2.27.1-cp312-none-win_amd64.whl", hash = "sha256:66ff044fd0bb1768688aecbe28b6190f6e799349221fb0de0e6f4048eca14c16", size = 1986973 },
    { url = "https://files.pythonhosted.org/packages/df/a6/e3f12ff25f250b02f7c51be89a294689d175ac76e1096c32bf278f29ca1e/pydantic_core-2.27.1-cp312-none-win_arm64.whl", hash = "sha256:9a3b0793b1bbfd4146304e23d90045f2a9b5fd5823aa682665fbdaf2a6c28f3e", size = 1883215 },
    { url = "https://files.pythonhosted.org/packages/0f/d6/91cb99a3c59d7b072bded9959fbeab0a9613d5a4935773c0801f1764c156/pydantic_core-2.27.1-cp313-cp313-macosx_10_12_x86_64.whl", hash = "sha256:f216dbce0e60e4d03e0c4353c7023b202d95cbaeff12e5fd2e82ea0a66905073", size = 1895033 },
    { url = "https://files.pythonhosted.org/packages/07/42/d35033f81a28b27dedcade9e967e8a40981a765795c9ebae2045bcef05d3/pydantic_core-2.27.1-cp313-cp313-macosx_11_0_arm64.whl", hash = "sha256:a2e02889071850bbfd36b56fd6bc98945e23670773bc7a76657e90e6b6603c08", size = 1807542 },
    { url = "https://files.pythonhosted.org/packages/41/c2/491b59e222ec7e72236e512108ecad532c7f4391a14e971c963f624f7569/pydantic_core-2.27.1-cp313-cp313-manylinux_2_17_aarch64.manylinux2014_aarch64.whl", hash = "sha256:42b0e23f119b2b456d07ca91b307ae167cc3f6c846a7b169fca5326e32fdc6cf", size = 1827854 },
    { url = "https://files.pythonhosted.org/packages/e3/f3/363652651779113189cefdbbb619b7b07b7a67ebb6840325117cc8cc3460/pydantic_core-2.27.1-cp313-cp313-manylinux_2_17_armv7l.manylinux2014_armv7l.whl", hash = "sha256:764be71193f87d460a03f1f7385a82e226639732214b402f9aa61f0d025f0737", size = 1857389 },
    { url = "https://files.pythonhosted.org/packages/5f/97/be804aed6b479af5a945daec7538d8bf358d668bdadde4c7888a2506bdfb/pydantic_core-2.27.1-cp313-cp313-manylinux_2_17_ppc64le.manylinux2014_ppc64le.whl", hash = "sha256:1c00666a3bd2f84920a4e94434f5974d7bbc57e461318d6bb34ce9cdbbc1f6b2", size = 2037934 },
    { url = "https://files.pythonhosted.org/packages/42/01/295f0bd4abf58902917e342ddfe5f76cf66ffabfc57c2e23c7681a1a1197/pydantic_core-2.27.1-cp313-cp313-manylinux_2_17_s390x.manylinux2014_s390x.whl", hash = "sha256:3ccaa88b24eebc0f849ce0a4d09e8a408ec5a94afff395eb69baf868f5183107", size = 2735176 },
    { url = "https://files.pythonhosted.org/packages/9d/a0/cd8e9c940ead89cc37812a1a9f310fef59ba2f0b22b4e417d84ab09fa970/pydantic_core-2.27.1-cp313-cp313-manylinux_2_17_x86_64.manylinux2014_x86_64.whl", hash = "sha256:c65af9088ac534313e1963443d0ec360bb2b9cba6c2909478d22c2e363d98a51", size = 2160720 },
    { url = "https://files.pythonhosted.org/packages/73/ae/9d0980e286627e0aeca4c352a60bd760331622c12d576e5ea4441ac7e15e/pydantic_core-2.27.1-cp313-cp313-manylinux_2_5_i686.manylinux1_i686.whl", hash = "sha256:206b5cf6f0c513baffaeae7bd817717140770c74528f3e4c3e1cec7871ddd61a", size = 1992972 },
    { url = "https://files.pythonhosted.org/packages/bf/ba/ae4480bc0292d54b85cfb954e9d6bd226982949f8316338677d56541b85f/pydantic_core-2.27.1-cp313-cp313-musllinux_1_1_aarch64.whl", hash = "sha256:062f60e512fc7fff8b8a9d680ff0ddaaef0193dba9fa83e679c0c5f5fbd018bc", size = 2001477 },
    { url = "https://files.pythonhosted.org/packages/55/b7/e26adf48c2f943092ce54ae14c3c08d0d221ad34ce80b18a50de8ed2cba8/pydantic_core-2.27.1-cp313-cp313-musllinux_1_1_armv7l.whl", hash = "sha256:a0697803ed7d4af5e4c1adf1670af078f8fcab7a86350e969f454daf598c4960", size = 2091186 },
    { url = "https://files.pythonhosted.org/packages/ba/cc/8491fff5b608b3862eb36e7d29d36a1af1c945463ca4c5040bf46cc73f40/pydantic_core-2.27.1-cp313-cp313-musllinux_1_1_x86_64.whl", hash = "sha256:58ca98a950171f3151c603aeea9303ef6c235f692fe555e883591103da709b23", size = 2154429 },
    { url = "https://files.pythonhosted.org/packages/78/d8/c080592d80edd3441ab7f88f865f51dae94a157fc64283c680e9f32cf6da/pydantic_core-2.27.1-cp313-none-win32.whl", hash = "sha256:8065914ff79f7eab1599bd80406681f0ad08f8e47c880f17b416c9f8f7a26d05", size = 1833713 },
    { url = "https://files.pythonhosted.org/packages/83/84/5ab82a9ee2538ac95a66e51f6838d6aba6e0a03a42aa185ad2fe404a4e8f/pydantic_core-2.27.1-cp313-none-win_amd64.whl", hash = "sha256:ba630d5e3db74c79300d9a5bdaaf6200172b107f263c98a0539eeecb857b2337", size = 1987897 },
    { url = "https://files.pythonhosted.org/packages/df/c3/b15fb833926d91d982fde29c0624c9f225da743c7af801dace0d4e187e71/pydantic_core-2.27.1-cp313-none-win_arm64.whl", hash = "sha256:45cf8588c066860b623cd11c4ba687f8d7175d5f7ef65f7129df8a394c502de5", size = 1882983 },
]

[[package]]
name = "python-dotenv"
version = "1.0.1"
source = { registry = "https://pypi.org/simple" }
sdist = { url = "https://files.pythonhosted.org/packages/bc/57/e84d88dfe0aec03b7a2d4327012c1627ab5f03652216c63d49846d7a6c58/python-dotenv-1.0.1.tar.gz", hash = "sha256:e324ee90a023d808f1959c46bcbc04446a10ced277783dc6ee09987c37ec10ca", size = 39115 }
wheels = [
    { url = "https://files.pythonhosted.org/packages/6a/3e/b68c118422ec867fa7ab88444e1274aa40681c606d59ac27de5a5588f082/python_dotenv-1.0.1-py3-none-any.whl", hash = "sha256:f7b63ef50f1b690dddf550d03497b66d609393b40b564ed0d674909a68ebf16a", size = 19863 },
]

[[package]]
name = "types-pika-ts"
version = "1.3.0.20241203"
source = { registry = "https://pypi.org/simple" }
sdist = { url = "https://files.pythonhosted.org/packages/a9/ba/f87c5dedb97d53d8feec0b50a429749b6c17eefc6036ac05aaadff4d9eb9/types_pika_ts-1.3.0.20241203.tar.gz", hash = "sha256:3be9f9be1199e87d7a462597cd999a3ecea145062114250b2c66386122cde023", size = 22799 }
wheels = [
    { url = "https://files.pythonhosted.org/packages/71/fe/57dfe7a3d2f9b1f06d6669930519a58450a593cfdd9dd195bfa521f255bc/types_pika_ts-1.3.0.20241203-py3-none-any.whl", hash = "sha256:2c58793ddea7eabb4e604ef3b9f35e8d4db020c78a89aa2b3ba58bc3e8ff89bb", size = 30382 },
]

[[package]]
name = "typing-extensions"
version = "4.12.2"
source = { registry = "https://pypi.org/simple" }
sdist = { url = "https://files.pythonhosted.org/packages/df/db/f35a00659bc03fec321ba8bce9420de607a1d37f8342eee1863174c69557/typing_extensions-4.12.2.tar.gz", hash = "sha256:1a7ead55c7e559dd4dee8856e3a88b41225abfe1ce8df57b7c13915fe121ffb8", size = 85321 }
wheels = [
    { url = "https://files.pythonhosted.org/packages/26/9f/ad63fc0248c5379346306f8668cda6e2e2e9c95e01216d2b8ffd9ff037d0/typing_extensions-4.12.2-py3-none-any.whl", hash = "sha256:04e5ca0351e0f3f85c6853954072df659d0d13fac324d0072316b67d7794700d", size = 37438 },
]

[[package]]
name = "unicon-runner"
version = "0.1.0"
source = { editable = "." }
dependencies = [
    { name = "jinja2" },
    { name = "pathvalidate" },
    { name = "pika" },
    { name = "pydantic" },
    { name = "python-dotenv" },
]

[package.dev-dependencies]
dev = [
    { name = "mypy" },
    { name = "types-pika-ts" },
]

[package.metadata]
requires-dist = [
    { name = "jinja2", specifier = ">=3.1.4" },
    { name = "pathvalidate", specifier = ">=3.2.1" },
    { name = "pika", specifier = ">=1.3.2" },
    { name = "pydantic", specifier = ">=2.9.2" },
    { name = "python-dotenv", specifier = ">=1.0.1" },
]

[package.metadata.requires-dev]
dev = [
    { name = "mypy", specifier = ">=1.11.2" },
    { name = "types-pika-ts", specifier = ">=1.3.0.20241203" },
]
